{
  "name": "@freetwai/freedom-supplier-client",
  "version": "0.1.0-member-preview",
  "lockfileVersion": 3,
  "requires": true,
  "packages": {
    "": {
      "name": "@freetwai/freedom-supplier-client",
      "version": "0.1.0-member-preview",
      "engines": {
        "node": ">=24"
      }
    }
  }
}
